
Microsoft Visual Studio Solution File, Format Version 12.00
# Visual Studio Version 17
VisualStudioVersion = 17.5.33209.295
MinimumVisualStudioVersion = 10.0.40219.1
Project("{9A19103F-16F7-4668-BE54-9A1E7A4F7556}") = "AppInstaller", "AppInstaller\AppInstaller.csproj", "{810C8FAC-B904-4C50-A01E-3AB6057A6E0F}"
EndProject
Project("{9A19103F-16F7-4668-BE54-9A1E7A4F7556}") = "AppInstaller.Core", "AppInstaller.Core\AppInstaller.Core.csproj", "{0063A0F0-BBAC-4C40-BD70-EB84B83165CA}"
EndProject
Global
	GlobalSection(SolutionConfigurationPlatforms) = preSolution
		Debug|Any CPU = Debug|Any CPU
		Debug|arm64 = Debug|arm64
		Debug|x64 = Debug|x64
		Debug|x86 = Debug|x86
		Release|Any CPU = Release|Any CPU
		Release|arm64 = Release|arm64
		Release|x64 = Release|x64
		Release|x86 = Release|x86
	EndGlobalSection
	GlobalSection(ProjectConfigurationPlatforms) = postSolution
		{810C8FAC-B904-4C50-A01E-3AB6057A6E0F}.Debug|Any CPU.ActiveCfg = Debug|x64
		{810C8FAC-B904-4C50-A01E-3AB6057A6E0F}.Debug|Any CPU.Build.0 = Debug|x64
		{810C8FAC-B904-4C50-A01E-3AB6057A6E0F}.Debug|Any CPU.Deploy.0 = Debug|x64
		{810C8FAC-B904-4C50-A01E-3AB6057A6E0F}.Debug|arm64.ActiveCfg = Debug|arm64
		{810C8FAC-B904-4C50-A01E-3AB6057A6E0F}.Debug|arm64.Build.0 = Debug|arm64
		{810C8FAC-B904-4C50-A01E-3AB6057A6E0F}.Debug|arm64.Deploy.0 = Debug|arm64
		{810C8FAC-B904-4C50-A01E-3AB6057A6E0F}.Debug|x64.ActiveCfg = Debug|x64
		{810C8FAC-B904-4C50-A01E-3AB6057A6E0F}.Debug|x64.Build.0 = Debug|x64
		{810C8FAC-B904-4C50-A01E-3AB6057A6E0F}.Debug|x64.Deploy.0 = Debug|x64
		{810C8FAC-B904-4C50-A01E-3AB6057A6E0F}.Debug|x86.ActiveCfg = Debug|x86
		{810C8FAC-B904-4C50-A01E-3AB6057A6E0F}.Debug|x86.Build.0 = Debug|x86
		{810C8FAC-B904-4C50-A01E-3AB6057A6E0F}.Debug|x86.Deploy.0 = Debug|x86
		{810C8FAC-B904-4C50-A01E-3AB6057A6E0F}.Release|Any CPU.ActiveCfg = Release|x64
		{810C8FAC-B904-4C50-A01E-3AB6057A6E0F}.Release|Any CPU.Build.0 = Release|x64
		{810C8FAC-B904-4C50-A01E-3AB6057A6E0F}.Release|Any CPU.Deploy.0 = Release|x64
		{810C8FAC-B904-4C50-A01E-3AB6057A6E0F}.Release|arm64.ActiveCfg = Release|arm64
		{810C8FAC-B904-4C50-A01E-3AB6057A6E0F}.Release|arm64.Build.0 = Release|arm64
		{810C8FAC-B904-4C50-A01E-3AB6057A6E0F}.Release|arm64.Deploy.0 = Release|arm64
		{810C8FAC-B904-4C50-A01E-3AB6057A6E0F}.Release|x64.ActiveCfg = Release|x64
		{810C8FAC-B904-4C50-A01E-3AB6057A6E0F}.Release|x64.Build.0 = Release|x64
		{810C8FAC-B904-4C50-A01E-3AB6057A6E0F}.Release|x64.Deploy.0 = Release|x64
		{810C8FAC-B904-4C50-A01E-3AB6057A6E0F}.Release|x86.ActiveCfg = Release|x86
		{810C8FAC-B904-4C50-A01E-3AB6057A6E0F}.Release|x86.Build.0 = Release|x86
		{810C8FAC-B904-4C50-A01E-3AB6057A6E0F}.Release|x86.Deploy.0 = Release|x86
		{0063A0F0-BBAC-4C40-BD70-EB84B83165CA}.Debug|Any CPU.ActiveCfg = Debug|Any CPU
		{0063A0F0-BBAC-4C40-BD70-EB84B83165CA}.Debug|Any CPU.Build.0 = Debug|Any CPU
		{0063A0F0-BBAC-4C40-BD70-EB84B83165CA}.Debug|arm64.ActiveCfg = Debug|arm64
		{0063A0F0-BBAC-4C40-BD70-EB84B83165CA}.Debug|arm64.Build.0 = Debug|arm64
		{0063A0F0-BBAC-4C40-BD70-EB84B83165CA}.Debug|x64.ActiveCfg = Debug|x64
		{0063A0F0-BBAC-4C40-BD70-EB84B83165CA}.Debug|x64.Build.0 = Debug|x64
		{0063A0F0-BBAC-4C40-BD70-EB84B83165CA}.Debug|x86.ActiveCfg = Debug|x86
		{0063A0F0-BBAC-4C40-BD70-EB84B83165CA}.Debug|x86.Build.0 = Debug|x86
		{0063A0F0-BBAC-4C40-BD70-EB84B83165CA}.Release|Any CPU.ActiveCfg = Release|Any CPU
		{0063A0F0-BBAC-4C40-BD70-EB84B83165CA}.Release|Any CPU.Build.0 = Release|Any CPU
		{0063A0F0-BBAC-4C40-BD70-EB84B83165CA}.Release|arm64.ActiveCfg = Release|arm64
		{0063A0F0-BBAC-4C40-BD70-EB84B83165CA}.Release|arm64.Build.0 = Release|arm64
		{0063A0F0-BBAC-4C40-BD70-EB84B83165CA}.Release|x64.ActiveCfg = Release|x64
		{0063A0F0-BBAC-4C40-BD70-EB84B83165CA}.Release|x64.Build.0 = Release|x64
		{0063A0F0-BBAC-4C40-BD70-EB84B83165CA}.Release|x86.ActiveCfg = Release|x86
		{0063A0F0-BBAC-4C40-BD70-EB84B83165CA}.Release|x86.Build.0 = Release|x86
	EndGlobalSection
	GlobalSection(SolutionProperties) = preSolution
		HideSolutionNode = FALSE
	EndGlobalSection
	GlobalSection(ExtensibilityGlobals) = postSolution
		SolutionGuid = {0CFC1F0E-0A0E-43BD-B3DA-6E27BFB496B9}
	EndGlobalSection
EndGlobal
